
Microsoft Visual Studio Solution File, Format Version 12.00
# Visual Studio Version 16
VisualStudioVersion = 16.0.32929.386
MinimumVisualStudioVersion = 10.0.40219.1
Project("{FAE04EC0-301F-11D3-BF4B-00C04F79EFBC}") = "AgeAppbyAyhamtk", "AgeAppbyAyhamtk\AgeAppbyAyhamtk.csproj", "{57924E00-FA8D-41D5-B143-357A1BB9E661}"
EndProject
Global
	GlobalSection(SolutionConfigurationPlatforms) = preSolution
		Debug|Any CPU = Debug|Any CPU
		Release|Any CPU = Release|Any CPU
	EndGlobalSection
	GlobalSection(ProjectConfigurationPlatforms) = postSolution
		{57924E00-FA8D-41D5-B143-357A1BB9E661}.Debug|Any CPU.ActiveCfg = Debug|Any CPU
		{57924E00-FA8D-41D5-B143-357A1BB9E661}.Debug|Any CPU.Build.0 = Debug|Any CPU
		{57924E00-FA8D-41D5-B143-357A1BB9E661}.Release|Any CPU.ActiveCfg = Release|Any CPU
		{57924E00-FA8D-41D5-B143-357A1BB9E661}.Release|Any CPU.Build.0 = Release|Any CPU
	EndGlobalSection
	GlobalSection(SolutionProperties) = preSolution
		HideSolutionNode = FALSE
	EndGlobalSection
	GlobalSection(ExtensibilityGlobals) = postSolution
		SolutionGuid = {7DD46A81-9F5D-4EAB-9F51-D65DB3C3F472}
	EndGlobalSection
EndGlobal
