
Microsoft Visual Studio Solution File, Format Version 12.00
# Visual Studio Version 16
VisualStudioVersion = 16.0.33328.57
MinimumVisualStudioVersion = 10.0.40219.1
Project("{FAE04EC0-301F-11D3-BF4B-00C04F79EFBC}") = "AyhamTKDVDMangment", "AyhamTKDVDMangment\AyhamTKDVDMangment.csproj", "{08A66C11-BBD9-4CA3-A097-7ECA2DF2A571}"
EndProject
Global
	GlobalSection(SolutionConfigurationPlatforms) = preSolution
		Debug|Any CPU = Debug|Any CPU
		Release|Any CPU = Release|Any CPU
	EndGlobalSection
	GlobalSection(ProjectConfigurationPlatforms) = postSolution
		{08A66C11-BBD9-4CA3-A097-7ECA2DF2A571}.Debug|Any CPU.ActiveCfg = Debug|Any CPU
		{08A66C11-BBD9-4CA3-A097-7ECA2DF2A571}.Debug|Any CPU.Build.0 = Debug|Any CPU
		{08A66C11-BBD9-4CA3-A097-7ECA2DF2A571}.Release|Any CPU.ActiveCfg = Release|Any CPU
		{08A66C11-BBD9-4CA3-A097-7ECA2DF2A571}.Release|Any CPU.Build.0 = Release|Any CPU
	EndGlobalSection
	GlobalSection(SolutionProperties) = preSolution
		HideSolutionNode = FALSE
	EndGlobalSection
	GlobalSection(ExtensibilityGlobals) = postSolution
		SolutionGuid = {24D2FAB8-6456-4C54-B8CF-F231613CEABB}
	EndGlobalSection
EndGlobal
