
Microsoft Visual Studio Solution File, Format Version 12.00
# Visual Studio Version 16
VisualStudioVersion = 16.0.33328.57
MinimumVisualStudioVersion = 10.0.40219.1
Project("{FAE04EC0-301F-11D3-BF4B-00C04F79EFBC}") = "Data Access Layer", "Data Access Layer\Data Access Layer.csproj", "{02AD54C0-38CE-48D6-84E7-40C50A7C5691}"
EndProject
Global
	GlobalSection(SolutionConfigurationPlatforms) = preSolution
		Debug|Any CPU = Debug|Any CPU
		Release|Any CPU = Release|Any CPU
	EndGlobalSection
	GlobalSection(ProjectConfigurationPlatforms) = postSolution
		{02AD54C0-38CE-48D6-84E7-40C50A7C5691}.Debug|Any CPU.ActiveCfg = Debug|Any CPU
		{02AD54C0-38CE-48D6-84E7-40C50A7C5691}.Debug|Any CPU.Build.0 = Debug|Any CPU
		{02AD54C0-38CE-48D6-84E7-40C50A7C5691}.Release|Any CPU.ActiveCfg = Release|Any CPU
		{02AD54C0-38CE-48D6-84E7-40C50A7C5691}.Release|Any CPU.Build.0 = Release|Any CPU
	EndGlobalSection
	GlobalSection(SolutionProperties) = preSolution
		HideSolutionNode = FALSE
	EndGlobalSection
	GlobalSection(ExtensibilityGlobals) = postSolution
		SolutionGuid = {849CC411-88AA-4A07-B932-103796274752}
	EndGlobalSection
EndGlobal
